// !$*UTF8*$!
{
	archiveVersion = 1;
	classes = {
	};
	objectVersion = 56;
	objects = {

/* Begin PBXBuildFile section */
		EE002C6B2A79E7D2009B65F2 /* LandmarkRow.swift in Sources */ = {isa = PBXBuildFile; fileRef = EE002C6A2A79E7D2009B65F2 /* LandmarkRow.swift */; };
		EE002C6D2A79ECC4009B65F2 /* LandmarkList.swift in Sources */ = {isa = PBXBuildFile; fileRef = EE002C6C2A79ECC4009B65F2 /* LandmarkList.swift */; };
		EE002C6F2A79EF66009B65F2 /* LandmarkDetail.swift in Sources */ = {isa = PBXBuildFile; fileRef = EE002C6E2A79EF66009B65F2 /* LandmarkDetail.swift */; };
		EE002C712A7A1E26009B65F2 /* FavoriteButton.swift in Sources */ = {isa = PBXBuildFile; fileRef = EE002C702A7A1E26009B65F2 /* FavoriteButton.swift */; };
		EE002C772A7A4A93009B65F2 /* HexagonParameters.swift in Sources */ = {isa = PBXBuildFile; fileRef = EE002C762A7A4A93009B65F2 /* HexagonParameters.swift */; };
		EE002C792A7A4BC5009B65F2 /* BadgeBackGround.swift in Sources */ = {isa = PBXBuildFile; fileRef = EE002C782A7A4BC5009B65F2 /* BadgeBackGround.swift */; };
		EE002C7E2A7A57D0009B65F2 /* BadgeSymbol.swift in Sources */ = {isa = PBXBuildFile; fileRef = EE002C7D2A7A57D0009B65F2 /* BadgeSymbol.swift */; };
		EE04F5C92A7B2FD20093930D /* RotatedBadgeSymbol.swift in Sources */ = {isa = PBXBuildFile; fileRef = EE04F5C82A7B2FD20093930D /* RotatedBadgeSymbol.swift */; };
		EE04F5CB2A7B30880093930D /* Badge.swift in Sources */ = {isa = PBXBuildFile; fileRef = EE04F5CA2A7B30880093930D /* Badge.swift */; };
		EE04F5CE2A7B39130093930D /* hikeData.json in Resources */ = {isa = PBXBuildFile; fileRef = EE04F5CD2A7B39130093930D /* hikeData.json */; };
		EE04F5D02A7B39350093930D /* Hike.swift in Sources */ = {isa = PBXBuildFile; fileRef = EE04F5CF2A7B39350093930D /* Hike.swift */; };
		EE04F5D62A7B3A4C0093930D /* GraphCapsule.swift in Sources */ = {isa = PBXBuildFile; fileRef = EE04F5D22A7B3A4C0093930D /* GraphCapsule.swift */; };
		EE04F5D72A7B3A4C0093930D /* HikeGraph.swift in Sources */ = {isa = PBXBuildFile; fileRef = EE04F5D32A7B3A4C0093930D /* HikeGraph.swift */; };
		EE04F5D82A7B3A4C0093930D /* HikeDetail.swift in Sources */ = {isa = PBXBuildFile; fileRef = EE04F5D42A7B3A4C0093930D /* HikeDetail.swift */; };
		EE04F5D92A7B3A4C0093930D /* HikeView.swift in Sources */ = {isa = PBXBuildFile; fileRef = EE04F5D52A7B3A4C0093930D /* HikeView.swift */; };
		EE0B44952A78CE0700312E24 /* LandmarksApp.swift in Sources */ = {isa = PBXBuildFile; fileRef = EE0B44942A78CE0700312E24 /* LandmarksApp.swift */; };
		EE0B44972A78CE0700312E24 /* ContentView.swift in Sources */ = {isa = PBXBuildFile; fileRef = EE0B44962A78CE0700312E24 /* ContentView.swift */; };
		EE0B44992A78CE0C00312E24 /* Assets.xcassets in Resources */ = {isa = PBXBuildFile; fileRef = EE0B44982A78CE0C00312E24 /* Assets.xcassets */; };
		EE0B449C2A78CE0C00312E24 /* Preview Assets.xcassets in Resources */ = {isa = PBXBuildFile; fileRef = EE0B449B2A78CE0C00312E24 /* Preview Assets.xcassets */; };
		EE0B44A32A78FE4A00312E24 /* CircleImage.swift in Sources */ = {isa = PBXBuildFile; fileRef = EE0B44A22A78FE4A00312E24 /* CircleImage.swift */; };
		EE0B44A52A78FF3800312E24 /* MapView.swift in Sources */ = {isa = PBXBuildFile; fileRef = EE0B44A42A78FF3800312E24 /* MapView.swift */; };
		EE0B44A82A7904FC00312E24 /* landmarkData.json in Resources */ = {isa = PBXBuildFile; fileRef = EE0B44A72A7904FC00312E24 /* landmarkData.json */; };
		EE0B44AB2A79052400312E24 /* Landmark.swift in Sources */ = {isa = PBXBuildFile; fileRef = EE0B44AA2A79052400312E24 /* Landmark.swift */; };
		EE0B44AD2A79064A00312E24 /* ModelData.swift in Sources */ = {isa = PBXBuildFile; fileRef = EE0B44AC2A79064A00312E24 /* ModelData.swift */; };
/* End PBXBuildFile section */

/* Begin PBXFileReference section */
		EE002C6A2A79E7D2009B65F2 /* LandmarkRow.swift */ = {isa = PBXFileReference; lastKnownFileType = sourcecode.swift; path = LandmarkRow.swift; sourceTree = "<group>"; };
		EE002C6C2A79ECC4009B65F2 /* LandmarkList.swift */ = {isa = PBXFileReference; lastKnownFileType = sourcecode.swift; path = LandmarkList.swift; sourceTree = "<group>"; };
		EE002C6E2A79EF66009B65F2 /* LandmarkDetail.swift */ = {isa = PBXFileReference; lastKnownFileType = sourcecode.swift; path = LandmarkDetail.swift; sourceTree = "<group>"; };
		EE002C702A7A1E26009B65F2 /* FavoriteButton.swift */ = {isa = PBXFileReference; lastKnownFileType = sourcecode.swift; path = FavoriteButton.swift; sourceTree = "<group>"; };
		EE002C762A7A4A93009B65F2 /* HexagonParameters.swift */ = {isa = PBXFileReference; lastKnownFileType = sourcecode.swift; path = HexagonParameters.swift; sourceTree = "<group>"; };
		EE002C782A7A4BC5009B65F2 /* BadgeBackGround.swift */ = {isa = PBXFileReference; lastKnownFileType = sourcecode.swift; path = BadgeBackGround.swift; sourceTree = "<group>"; };
		EE002C7D2A7A57D0009B65F2 /* BadgeSymbol.swift */ = {isa = PBXFileReference; lastKnownFileType = sourcecode.swift; path = BadgeSymbol.swift; sourceTree = "<group>"; };
		EE04F5C82A7B2FD20093930D /* RotatedBadgeSymbol.swift */ = {isa = PBXFileReference; lastKnownFileType = sourcecode.swift; path = RotatedBadgeSymbol.swift; sourceTree = "<group>"; };
		EE04F5CA2A7B30880093930D /* Badge.swift */ = {isa = PBXFileReference; lastKnownFileType = sourcecode.swift; path = Badge.swift; sourceTree = "<group>"; };
		EE04F5CD2A7B39130093930D /* hikeData.json */ = {isa = PBXFileReference; fileEncoding = 4; lastKnownFileType = text.json; path = hikeData.json; sourceTree = "<group>"; };
		EE04F5CF2A7B39350093930D /* Hike.swift */ = {isa = PBXFileReference; lastKnownFileType = sourcecode.swift; path = Hike.swift; sourceTree = "<group>"; };
		EE04F5D22A7B3A4C0093930D /* GraphCapsule.swift */ = {isa = PBXFileReference; fileEncoding = 4; lastKnownFileType = sourcecode.swift; path = GraphCapsule.swift; sourceTree = "<group>"; };
		EE04F5D32A7B3A4C0093930D /* HikeGraph.swift */ = {isa = PBXFileReference; fileEncoding = 4; lastKnownFileType = sourcecode.swift; path = HikeGraph.swift; sourceTree = "<group>"; };
		EE04F5D42A7B3A4C0093930D /* HikeDetail.swift */ = {isa = PBXFileReference; fileEncoding = 4; lastKnownFileType = sourcecode.swift; path = HikeDetail.swift; sourceTree = "<group>"; };
		EE04F5D52A7B3A4C0093930D /* HikeView.swift */ = {isa = PBXFileReference; fileEncoding = 4; lastKnownFileType = sourcecode.swift; path = HikeView.swift; sourceTree = "<group>"; };
		EE0B44912A78CE0700312E24 /* Landmarks.app */ = {isa = PBXFileReference; explicitFileType = wrapper.application; includeInIndex = 0; path = Landmarks.app; sourceTree = BUILT_PRODUCTS_DIR; };
		EE0B44942A78CE0700312E24 /* LandmarksApp.swift */ = {isa = PBXFileReference; lastKnownFileType = sourcecode.swift; path = LandmarksApp.swift; sourceTree = "<group>"; };
		EE0B44962A78CE0700312E24 /* ContentView.swift */ = {isa = PBXFileReference; lastKnownFileType = sourcecode.swift; path = ContentView.swift; sourceTree = "<group>"; };
		EE0B44982A78CE0C00312E24 /* Assets.xcassets */ = {isa = PBXFileReference; lastKnownFileType = folder.assetcatalog; path = Assets.xcassets; sourceTree = "<group>"; };
		EE0B449B2A78CE0C00312E24 /* Preview Assets.xcassets */ = {isa = PBXFileReference; lastKnownFileType = folder.assetcatalog; path = "Preview Assets.xcassets"; sourceTree = "<group>"; };
		EE0B44A22A78FE4A00312E24 /* CircleImage.swift */ = {isa = PBXFileReference; lastKnownFileType = sourcecode.swift; path = CircleImage.swift; sourceTree = "<group>"; };
		EE0B44A42A78FF3800312E24 /* MapView.swift */ = {isa = PBXFileReference; lastKnownFileType = sourcecode.swift; path = MapView.swift; sourceTree = "<group>"; };
		EE0B44A72A7904FC00312E24 /* landmarkData.json */ = {isa = PBXFileReference; fileEncoding = 4; lastKnownFileType = text.json; path = landmarkData.json; sourceTree = "<group>"; };
		EE0B44AA2A79052400312E24 /* Landmark.swift */ = {isa = PBXFileReference; lastKnownFileType = sourcecode.swift; path = Landmark.swift; sourceTree = "<group>"; };
		EE0B44AC2A79064A00312E24 /* ModelData.swift */ = {isa = PBXFileReference; lastKnownFileType = sourcecode.swift; path = ModelData.swift; sourceTree = "<group>"; };
/* End PBXFileReference section */

/* Begin PBXFrameworksBuildPhase section */
		EE0B448E2A78CE0700312E24 /* Frameworks */ = {
			isa = PBXFrameworksBuildPhase;
			buildActionMask = 2147483647;
			files = (
			);
			runOnlyForDeploymentPostprocessing = 0;
		};
/* End PBXFrameworksBuildPhase section */

/* Begin PBXGroup section */
		EE002C722A7A1F0F009B65F2 /* Helpers */ = {
			isa = PBXGroup;
			children = (
				EE0B44A22A78FE4A00312E24 /* CircleImage.swift */,
				EE0B44A42A78FF3800312E24 /* MapView.swift */,
				EE002C702A7A1E26009B65F2 /* FavoriteButton.swift */,
			);
			path = Helpers;
			sourceTree = "<group>";
		};
		EE002C732A7A1F1F009B65F2 /* Landmarks */ = {
			isa = PBXGroup;
			children = (
				EE002C6A2A79E7D2009B65F2 /* LandmarkRow.swift */,
				EE002C6C2A79ECC4009B65F2 /* LandmarkList.swift */,
				EE002C6E2A79EF66009B65F2 /* LandmarkDetail.swift */,
			);
			path = Landmarks;
			sourceTree = "<group>";
		};
		EE04F5CC2A7B33800093930D /* Badges */ = {
			isa = PBXGroup;
			children = (
				EE002C762A7A4A93009B65F2 /* HexagonParameters.swift */,
				EE002C782A7A4BC5009B65F2 /* BadgeBackGround.swift */,
				EE002C7D2A7A57D0009B65F2 /* BadgeSymbol.swift */,
				EE04F5C82A7B2FD20093930D /* RotatedBadgeSymbol.swift */,
				EE04F5CA2A7B30880093930D /* Badge.swift */,
			);
			path = Badges;
			sourceTree = "<group>";
		};
		EE04F5D12A7B3A4C0093930D /* Hikes */ = {
			isa = PBXGroup;
			children = (
				EE04F5D22A7B3A4C0093930D /* GraphCapsule.swift */,
				EE04F5D32A7B3A4C0093930D /* HikeGraph.swift */,
				EE04F5D42A7B3A4C0093930D /* HikeDetail.swift */,
				EE04F5D52A7B3A4C0093930D /* HikeView.swift */,
			);
			path = Hikes;
			sourceTree = "<group>";
		};
		EE0B44882A78CE0700312E24 = {
			isa = PBXGroup;
			children = (
				EE0B44932A78CE0700312E24 /* Landmarks */,
				EE0B44922A78CE0700312E24 /* Products */,
			);
			sourceTree = "<group>";
		};
		EE0B44922A78CE0700312E24 /* Products */ = {
			isa = PBXGroup;
			children = (
				EE0B44912A78CE0700312E24 /* Landmarks.app */,
			);
			name = Products;
			sourceTree = "<group>";
		};
		EE0B44932A78CE0700312E24 /* Landmarks */ = {
			isa = PBXGroup;
			children = (
				EE0B44942A78CE0700312E24 /* LandmarksApp.swift */,
				EE0B44AE2A79070B00312E24 /* Views */,
				EE0B44AF2A79071300312E24 /* Model */,
				EE0B44A92A79050100312E24 /* Resources */,
				EE0B44982A78CE0C00312E24 /* Assets.xcassets */,
				EE0B449A2A78CE0C00312E24 /* Preview Content */,
			);
			path = Landmarks;
			sourceTree = "<group>";
		};
		EE0B449A2A78CE0C00312E24 /* Preview Content */ = {
			isa = PBXGroup;
			children = (
				EE0B449B2A78CE0C00312E24 /* Preview Assets.xcassets */,
			);
			path = "Preview Content";
			sourceTree = "<group>";
		};
		EE0B44A92A79050100312E24 /* Resources */ = {
			isa = PBXGroup;
			children = (
				EE04F5D12A7B3A4C0093930D /* Hikes */,
				EE04F5CD2A7B39130093930D /* hikeData.json */,
				EE0B44A72A7904FC00312E24 /* landmarkData.json */,
			);
			path = Resources;
			sourceTree = "<group>";
		};
		EE0B44AE2A79070B00312E24 /* Views */ = {
			isa = PBXGroup;
			children = (
				EE04F5CC2A7B33800093930D /* Badges */,
				EE002C732A7A1F1F009B65F2 /* Landmarks */,
				EE002C722A7A1F0F009B65F2 /* Helpers */,
				EE0B44962A78CE0700312E24 /* ContentView.swift */,
			);
			path = Views;
			sourceTree = "<group>";
		};
		EE0B44AF2A79071300312E24 /* Model */ = {
			isa = PBXGroup;
			children = (
				EE0B44AC2A79064A00312E24 /* ModelData.swift */,
				EE0B44AA2A79052400312E24 /* Landmark.swift */,
				EE04F5CF2A7B39350093930D /* Hike.swift */,
			);
			path = Model;
			sourceTree = "<group>";
		};
/* End PBXGroup section */

/* Begin PBXNativeTarget section */
		EE0B44902A78CE0700312E24 /* Landmarks */ = {
			isa = PBXNativeTarget;
			buildConfigurationList = EE0B449F2A78CE0C00312E24 /* Build configuration list for PBXNativeTarget "Landmarks" */;
			buildPhases = (
				EE0B448D2A78CE0700312E24 /* Sources */,
				EE0B448E2A78CE0700312E24 /* Frameworks */,
				EE0B448F2A78CE0700312E24 /* Resources */,
			);
			buildRules = (
			);
			dependencies = (
			);
			name = Landmarks;
			productName = Landmarks;
			productReference = EE0B44912A78CE0700312E24 /* Landmarks.app */;
			productType = "com.apple.product-type.application";
		};
/* End PBXNativeTarget section */

/* Begin PBXProject section */
		EE0B44892A78CE0700312E24 /* Project object */ = {
			isa = PBXProject;
			attributes = {
				BuildIndependentTargetsInParallel = 1;
				LastSwiftUpdateCheck = 1430;
				LastUpgradeCheck = 1430;
				TargetAttributes = {
					EE0B44902A78CE0700312E24 = {
						CreatedOnToolsVersion = 14.3.1;
					};
				};
			};
			buildConfigurationList = EE0B448C2A78CE0700312E24 /* Build configuration list for PBXProject "Landmarks" */;
			compatibilityVersion = "Xcode 14.0";
			developmentRegion = en;
			hasScannedForEncodings = 0;
			knownRegions = (
				en,
				Base,
			);
			mainGroup = EE0B44882A78CE0700312E24;
			productRefGroup = EE0B44922A78CE0700312E24 /* Products */;
			projectDirPath = "";
			projectRoot = "";
			targets = (
				EE0B44902A78CE0700312E24 /* Landmarks */,
			);
		};
/* End PBXProject section */

/* Begin PBXResourcesBuildPhase section */
		EE0B448F2A78CE0700312E24 /* Resources */ = {
			isa = PBXResourcesBuildPhase;
			buildActionMask = 2147483647;
			files = (
				EE04F5CE2A7B39130093930D /* hikeData.json in Resources */,
				EE0B449C2A78CE0C00312E24 /* Preview Assets.xcassets in Resources */,
				EE0B44992A78CE0C00312E24 /* Assets.xcassets in Resources */,
				EE0B44A82A7904FC00312E24 /* landmarkData.json in Resources */,
			);
			runOnlyForDeploymentPostprocessing = 0;
		};
/* End PBXResourcesBuildPhase section */

/* Begin PBXSourcesBuildPhase section */
		EE0B448D2A78CE0700312E24 /* Sources */ = {
			isa = PBXSourcesBuildPhase;
			buildActionMask = 2147483647;
			files = (
				EE0B44972A78CE0700312E24 /* ContentView.swift in Sources */,
				EE04F5D72A7B3A4C0093930D /* HikeGraph.swift in Sources */,
				EE04F5CB2A7B30880093930D /* Badge.swift in Sources */,
				EE0B44A52A78FF3800312E24 /* MapView.swift in Sources */,
				EE04F5D62A7B3A4C0093930D /* GraphCapsule.swift in Sources */,
				EE0B44952A78CE0700312E24 /* LandmarksApp.swift in Sources */,
				EE002C792A7A4BC5009B65F2 /* BadgeBackGround.swift in Sources */,
				EE04F5D82A7B3A4C0093930D /* HikeDetail.swift in Sources */,
				EE002C712A7A1E26009B65F2 /* FavoriteButton.swift in Sources */,
				EE04F5D02A7B39350093930D /* Hike.swift in Sources */,
				EE04F5C92A7B2FD20093930D /* RotatedBadgeSymbol.swift in Sources */,
				EE002C7E2A7A57D0009B65F2 /* BadgeSymbol.swift in Sources */,
				EE002C772A7A4A93009B65F2 /* HexagonParameters.swift in Sources */,
				EE04F5D92A7B3A4C0093930D /* HikeView.swift in Sources */,
				EE002C6D2A79ECC4009B65F2 /* LandmarkList.swift in Sources */,
				EE002C6F2A79EF66009B65F2 /* LandmarkDetail.swift in Sources */,
				EE0B44A32A78FE4A00312E24 /* CircleImage.swift in Sources */,
				EE0B44AB2A79052400312E24 /* Landmark.swift in Sources */,
				EE002C6B2A79E7D2009B65F2 /* LandmarkRow.swift in Sources */,
				EE0B44AD2A79064A00312E24 /* ModelData.swift in Sources */,
			);
			runOnlyForDeploymentPostprocessing = 0;
		};
/* End PBXSourcesBuildPhase section */

/* Begin XCBuildConfiguration section */
		EE0B449D2A78CE0C00312E24 /* Debug */ = {
			isa = XCBuildConfiguration;
			buildSettings = {
				ALWAYS_SEARCH_USER_PATHS = NO;
				CLANG_ANALYZER_NONNULL = YES;
				CLANG_ANALYZER_NUMBER_OBJECT_CONVERSION = YES_AGGRESSIVE;
				CLANG_CXX_LANGUAGE_STANDARD = "gnu++20";
				CLANG_ENABLE_MODULES = YES;
				CLANG_ENABLE_OBJC_ARC = YES;
				CLANG_ENABLE_OBJC_WEAK = YES;
				CLANG_WARN_BLOCK_CAPTURE_AUTORELEASING = YES;
				CLANG_WARN_BOOL_CONVERSION = YES;
				CLANG_WARN_COMMA = YES;
				CLANG_WARN_CONSTANT_CONVERSION = YES;
				CLANG_WARN_DEPRECATED_OBJC_IMPLEMENTATIONS = YES;
				CLANG_WARN_DIRECT_OBJC_ISA_USAGE = YES_ERROR;
				CLANG_WARN_DOCUMENTATION_COMMENTS = YES;
				CLANG_WARN_EMPTY_BODY = YES;
				CLANG_WARN_ENUM_CONVERSION = YES;
				CLANG_WARN_INFINITE_RECURSION = YES;
				CLANG_WARN_INT_CONVERSION = YES;
				CLANG_WARN_NON_LITERAL_NULL_CONVERSION = YES;
				CLANG_WARN_OBJC_IMPLICIT_RETAIN_SELF = YES;
				CLANG_WARN_OBJC_LITERAL_CONVERSION = YES;
				CLANG_WARN_OBJC_ROOT_CLASS = YES_ERROR;
				CLANG_WARN_QUOTED_INCLUDE_IN_FRAMEWORK_HEADER = YES;
				CLANG_WARN_RANGE_LOOP_ANALYSIS = YES;
				CLANG_WARN_STRICT_PROTOTYPES = YES;
				CLANG_WARN_SUSPICIOUS_MOVE = YES;
				CLANG_WARN_UNGUARDED_AVAILABILITY = YES_AGGRESSIVE;
				CLANG_WARN_UNREACHABLE_CODE = YES;
				CLANG_WARN__DUPLICATE_METHOD_MATCH = YES;
				COPY_PHASE_STRIP = NO;
				DEBUG_INFORMATION_FORMAT = dwarf;
				ENABLE_STRICT_OBJC_MSGSEND = YES;
				ENABLE_TESTABILITY = YES;
				GCC_C_LANGUAGE_STANDARD = gnu11;
				GCC_DYNAMIC_NO_PIC = NO;
				GCC_NO_COMMON_BLOCKS = YES;
				GCC_OPTIMIZATION_LEVEL = 0;
				GCC_PREPROCESSOR_DEFINITIONS = (
					"DEBUG=1",
					"$(inherited)",
				);
				GCC_WARN_64_TO_32_BIT_CONVERSION = YES;
				GCC_WARN_ABOUT_RETURN_TYPE = YES_ERROR;
				GCC_WARN_UNDECLARED_SELECTOR = YES;
				GCC_WARN_UNINITIALIZED_AUTOS = YES_AGGRESSIVE;
				GCC_WARN_UNUSED_FUNCTION = YES;
				GCC_WARN_UNUSED_VARIABLE = YES;
				IPHONEOS_DEPLOYMENT_TARGET = 16.4;
				MTL_ENABLE_DEBUG_INFO = INCLUDE_SOURCE;
				MTL_FAST_MATH = YES;
				ONLY_ACTIVE_ARCH = YES;
				SDKROOT = iphoneos;
				SWIFT_ACTIVE_COMPILATION_CONDITIONS = DEBUG;
				SWIFT_OPTIMIZATION_LEVEL = "-Onone";
			};
			name = Debug;
		};
		EE0B449E2A78CE0C00312E24 /* Release */ = {
			isa = XCBuildConfiguration;
			buildSettings = {
				ALWAYS_SEARCH_USER_PATHS = NO;
				CLANG_ANALYZER_NONNULL = YES;
				CLANG_ANALYZER_NUMBER_OBJECT_CONVERSION = YES_AGGRESSIVE;
				CLANG_CXX_LANGUAGE_STANDARD = "gnu++20";
				CLANG_ENABLE_MODULES = YES;
				CLANG_ENABLE_OBJC_ARC = YES;
				CLANG_ENABLE_OBJC_WEAK = YES;
				CLANG_WARN_BLOCK_CAPTURE_AUTORELEASING = YES;
				CLANG_WARN_BOOL_CONVERSION = YES;
				CLANG_WARN_COMMA = YES;
				CLANG_WARN_CONSTANT_CONVERSION = YES;
				CLANG_WARN_DEPRECATED_OBJC_IMPLEMENTATIONS = YES;
				CLANG_WARN_DIRECT_OBJC_ISA_USAGE = YES_ERROR;
				CLANG_WARN_DOCUMENTATION_COMMENTS = YES;
				CLANG_WARN_EMPTY_BODY = YES;
				CLANG_WARN_ENUM_CONVERSION = YES;
				CLANG_WARN_INFINITE_RECURSION = YES;
				CLANG_WARN_INT_CONVERSION = YES;
				CLANG_WARN_NON_LITERAL_NULL_CONVERSION = YES;
				CLANG_WARN_OBJC_IMPLICIT_RETAIN_SELF = YES;
				CLANG_WARN_OBJC_LITERAL_CONVERSION = YES;
				CLANG_WARN_OBJC_ROOT_CLASS = YES_ERROR;
				CLANG_WARN_QUOTED_INCLUDE_IN_FRAMEWORK_HEADER = YES;
				CLANG_WARN_RANGE_LOOP_ANALYSIS = YES;
				CLANG_WARN_STRICT_PROTOTYPES = YES;
				CLANG_WARN_SUSPICIOUS_MOVE = YES;
				CLANG_WARN_UNGUARDED_AVAILABILITY = YES_AGGRESSIVE;
				CLANG_WARN_UNREACHABLE_CODE = YES;
				CLANG_WARN__DUPLICATE_METHOD_MATCH = YES;
				COPY_PHASE_STRIP = NO;
				DEBUG_INFORMATION_FORMAT = "dwarf-with-dsym";
				ENABLE_NS_ASSERTIONS = NO;
				ENABLE_STRICT_OBJC_MSGSEND = YES;
				GCC_C_LANGUAGE_STANDARD = gnu11;
				GCC_NO_COMMON_BLOCKS = YES;
				GCC_WARN_64_TO_32_BIT_CONVERSION = YES;
				GCC_WARN_ABOUT_RETURN_TYPE = YES_ERROR;
				GCC_WARN_UNDECLARED_SELECTOR = YES;
				GCC_WARN_UNINITIALIZED_AUTOS = YES_AGGRESSIVE;
				GCC_WARN_UNUSED_FUNCTION = YES;
				GCC_WARN_UNUSED_VARIABLE = YES;
				IPHONEOS_DEPLOYMENT_TARGET = 16.4;
				MTL_ENABLE_DEBUG_INFO = NO;
				MTL_FAST_MATH = YES;
				SDKROOT = iphoneos;
				SWIFT_COMPILATION_MODE = wholemodule;
				SWIFT_OPTIMIZATION_LEVEL = "-O";
				VALIDATE_PRODUCT = YES;
			};
			name = Release;
		};
		EE0B44A02A78CE0C00312E24 /* Debug */ = {
			isa = XCBuildConfiguration;
			buildSettings = {
				ASSETCATALOG_COMPILER_APPICON_NAME = AppIcon;
				ASSETCATALOG_COMPILER_GLOBAL_ACCENT_COLOR_NAME = AccentColor;
				CODE_SIGN_STYLE = Automatic;
				CURRENT_PROJECT_VERSION = 1;
				DEVELOPMENT_ASSET_PATHS = "\"Landmarks/Preview Content\"";
				DEVELOPMENT_TEAM = H2N9KXXP3M;
				ENABLE_PREVIEWS = YES;
				GENERATE_INFOPLIST_FILE = YES;
				INFOPLIST_KEY_UIApplicationSceneManifest_Generation = YES;
				INFOPLIST_KEY_UIApplicationSupportsIndirectInputEvents = YES;
				INFOPLIST_KEY_UILaunchScreen_Generation = YES;
				INFOPLIST_KEY_UISupportedInterfaceOrientations_iPad = "UIInterfaceOrientationPortrait UIInterfaceOrientationPortraitUpsideDown UIInterfaceOrientationLandscapeLeft UIInterfaceOrientationLandscapeRight";
				INFOPLIST_KEY_UISupportedInterfaceOrientations_iPhone = "UIInterfaceOrientationPortrait UIInterfaceOrientationLandscapeLeft UIInterfaceOrientationLandscapeRight";
				LD_RUNPATH_SEARCH_PATHS = (
					"$(inherited)",
					"@executable_path/Frameworks",
				);
				MARKETING_VERSION = 1.0;
				PRODUCT_BUNDLE_IDENTIFIER = com.mandos.Landmarks;
				PRODUCT_NAME = "$(TARGET_NAME)";
				SWIFT_EMIT_LOC_STRINGS = YES;
				SWIFT_VERSION = 5.0;
				TARGETED_DEVICE_FAMILY = "1,2";
			};
			name = Debug;
		};
		EE0B44A12A78CE0C00312E24 /* Release */ = {
			isa = XCBuildConfiguration;
			buildSettings = {
				ASSETCATALOG_COMPILER_APPICON_NAME = AppIcon;
				ASSETCATALOG_COMPILER_GLOBAL_ACCENT_COLOR_NAME = AccentColor;
				CODE_SIGN_STYLE = Automatic;
				CURRENT_PROJECT_VERSION = 1;
				DEVELOPMENT_ASSET_PATHS = "\"Landmarks/Preview Content\"";
				DEVELOPMENT_TEAM = H2N9KXXP3M;
				ENABLE_PREVIEWS = YES;
				GENERATE_INFOPLIST_FILE = YES;
				INFOPLIST_KEY_UIApplicationSceneManifest_Generation = YES;
				INFOPLIST_KEY_UIApplicationSupportsIndirectInputEvents = YES;
				INFOPLIST_KEY_UILaunchScreen_Generation = YES;
				INFOPLIST_KEY_UISupportedInterfaceOrientations_iPad = "UIInterfaceOrientationPortrait UIInterfaceOrientationPortraitUpsideDown UIInterfaceOrientationLandscapeLeft UIInterfaceOrientationLandscapeRight";
				INFOPLIST_KEY_UISupportedInterfaceOrientations_iPhone = "UIInterfaceOrientationPortrait UIInterfaceOrientationLandscapeLeft UIInterfaceOrientationLandscapeRight";
				LD_RUNPATH_SEARCH_PATHS = (
					"$(inherited)",
					"@executable_path/Frameworks",
				);
				MARKETING_VERSION = 1.0;
				PRODUCT_BUNDLE_IDENTIFIER = com.mandos.Landmarks;
				PRODUCT_NAME = "$(TARGET_NAME)";
				SWIFT_EMIT_LOC_STRINGS = YES;
				SWIFT_VERSION = 5.0;
				TARGETED_DEVICE_FAMILY = "1,2";
			};
			name = Release;
		};
/* End XCBuildConfiguration section */

/* Begin XCConfigurationList section */
		EE0B448C2A78CE0700312E24 /* Build configuration list for PBXProject "Landmarks" */ = {
			isa = XCConfigurationList;
			buildConfigurations = (
				EE0B449D2A78CE0C00312E24 /* Debug */,
				EE0B449E2A78CE0C00312E24 /* Release */,
			);
			defaultConfigurationIsVisible = 0;
			defaultConfigurationName = Release;
		};
		EE0B449F2A78CE0C00312E24 /* Build configuration list for PBXNativeTarget "Landmarks" */ = {
			isa = XCConfigurationList;
			buildConfigurations = (
				EE0B44A02A78CE0C00312E24 /* Debug */,
				EE0B44A12A78CE0C00312E24 /* Release */,
			);
			defaultConfigurationIsVisible = 0;
			defaultConfigurationName = Release;
		};
/* End XCConfigurationList section */
	};
	rootObject = EE0B44892A78CE0700312E24 /* Project object */;
}
